
Microsoft Visual Studio Solution File, Format Version 12.00
# Visual Studio Version 16
VisualStudioVersion = 25.0.1706.5
MinimumVisualStudioVersion = 10.0.40219.1
Project("{FAE04EC0-301F-11D3-BF4B-00C04F79EFBC}") = "Bookstore", "Bookstore\Bookstore.csproj", "{0A6158F4-FB72-4850-86AF-4B6FB32F0384}"
EndProject
Global
	GlobalSection(SolutionConfigurationPlatforms) = preSolution
		Debug|Any CPU = Debug|Any CPU
		Release|Any CPU = Release|Any CPU
	EndGlobalSection
	GlobalSection(ProjectConfigurationPlatforms) = postSolution
		{0A6158F4-FB72-4850-86AF-4B6FB32F0384}.Debug|Any CPU.ActiveCfg = Debug|Any CPU
		{0A6158F4-FB72-4850-86AF-4B6FB32F0384}.Debug|Any CPU.Build.0 = Debug|Any CPU
		{0A6158F4-FB72-4850-86AF-4B6FB32F0384}.Release|Any CPU.ActiveCfg = Release|Any CPU
		{0A6158F4-FB72-4850-86AF-4B6FB32F0384}.Release|Any CPU.Build.0 = Release|Any CPU
	EndGlobalSection
	GlobalSection(SolutionProperties) = preSolution
		HideSolutionNode = FALSE
	EndGlobalSection
	GlobalSection(ExtensibilityGlobals) = postSolution
		SolutionGuid = {E2DF2337-81E9-448A-B608-91C05154FC76}
	EndGlobalSection
EndGlobal
